{
  "name": "iointerface",
  "version": "4.0.0",
  "lockfileVersion": 3,
  "requires": true,
  "packages": {
    "": {
      "name": "iointerface",
      "version": "4.0.0",
      "dependencies": {
        "@tauri-apps/plugin-dialog": "^2.3.2",
        "@tauri-apps/plugin-fs": "^2.4.1",
        "@tauri-apps/plugin-shell": "^2.3.0"
      },
      "devDependencies": {
        "@tauri-apps/cli": "^2"
      }
    },
    "node_modules/@tauri-apps/api": {
      "version": "2.8.0",
      "resolved": "https://registry.npmjs.org/@tauri-apps/api/-/api-2.8.0.tgz",
      "integrity": "sha512-ga7zdhbS2GXOMTIZRT0mYjKJtR9fivsXzsyq5U3vjDL0s6DTMwYRm0UHNjzTY5dh4+LSC68Sm/7WEiimbQNYlw==",
      "license": "Apache-2.0 OR MIT",
      "funding": {
        "type": "opencollective",
        "url": "https://opencollective.com/tauri"
      }
    },
    "node_modules/@tauri-apps/cli": {
      "version": "2.8.0",
      "resolved": "https://registry.npmjs.org/@tauri-apps/cli/-/cli-2.8.0.tgz",
      "integrity": "sha512-2k1xCIDVaqtQ4b0mNUbr22JyPR2EnA/o3FsHf6sT53+5FIK+yzDC17gGopUJ3ikCvvverZ/83phmno0t4KFwUw==",
      "dev": true,
      "license": "Apache-2.0 OR MIT",
      "bin": {
        "tauri": "tauri.js"
      },
      "engines": {
        "node": ">= 10"
      },
      "funding": {
        "type": "opencollective",
        "url": "https://opencollective.com/tauri"
      },
      "optionalDependencies": {
        "@tauri-apps/cli-darwin-arm64": "2.8.0",
        "@tauri-apps/cli-darwin-x64": "2.8.0",
        "@tauri-apps/cli-linux-arm-gnueabihf": "2.8.0",
        "@tauri-apps/cli-linux-arm64-gnu": "2.8.0",
        "@tauri-apps/cli-linux-arm64-musl": "2.8.0",
        "@tauri-apps/cli-linux-riscv64-gnu": "2.8.0",
        "@tauri-apps/cli-linux-x64-gnu": "2.8.0",
        "@tauri-apps/cli-linux-x64-musl": "2.8.0",
        "@tauri-apps/cli-win32-arm64-msvc": "2.8.0",
        "@tauri-apps/cli-win32-ia32-msvc": "2.8.0",
        "@tauri-apps/cli-win32-x64-msvc": "2.8.0"
      }
    },
    "node_modules/@tauri-apps/cli-darwin-arm64": {
      "version": "2.8.0",
      "resolved": "https://registry.npmjs.org/@tauri-apps/cli-darwin-arm64/-/cli-darwin-arm64-2.8.0.tgz",
      "integrity": "sha512-+Ab2XNCTcJztTGM+1ym4uIDGOH7r6tYxwjDqa9/KxkrHdRYeoMxVBa5zQHsnJ/KXfynqagK86t61ys8Ei/tv0Q==",
      "cpu": [
        "arm64"
      ],
      "dev": true,
      "license": "Apache-2.0 OR MIT",
      "optional": true,
      "os": [
        "darwin"
      ],
      "engines": {
        "node": ">= 10"
      }
    },
    "node_modules/@tauri-apps/cli-darwin-x64": {
      "version": "2.8.0",
      "resolved": "https://registry.npmjs.org/@tauri-apps/cli-darwin-x64/-/cli-darwin-x64-2.8.0.tgz",
      "integrity": "sha512-DrBK3tf+CWmYC3ma+mhYn7LbXiPARLx27SjYCaErRK6/4hgmOgD0xrDhcRhYT2w7uY1iPhsfkx+ZOWQexH9qOw==",
      "cpu": [
        "x64"
      ],
      "dev": true,
      "license": "Apache-2.0 OR MIT",
      "optional": true,
      "os": [
        "darwin"
      ],
      "engines": {
        "node": ">= 10"
      }
    },
    "node_modules/@tauri-apps/cli-linux-arm-gnueabihf": {
      "version": "2.8.0",
      "resolved": "https://registry.npmjs.org/@tauri-apps/cli-linux-arm-gnueabihf/-/cli-linux-arm-gnueabihf-2.8.0.tgz",
      "integrity": "sha512-ZlvSgEcYNQBn07dY+4QOChobnJwVtElMSI7NH+oA6x7pQu2n5JVW7Mu3nntIA05IDEArVVURGA/walDuoR0wIQ==",
      "cpu": [
        "arm"
      ],
      "dev": true,
      "license": "Apache-2.0 OR MIT",
      "optional": true,
      "os": [
        "linux"
      ],
      "engines": {
        "node": ">= 10"
      }
    },
    "node_modules/@tauri-apps/cli-linux-arm64-gnu": {
      "version": "2.8.0",
      "resolved": "https://registry.npmjs.org/@tauri-apps/cli-linux-arm64-gnu/-/cli-linux-arm64-gnu-2.8.0.tgz",
      "integrity": "sha512-wSQgTDFVJjXDMPrh/Muzl5p1JKAsSUhlT12HYDEc5aEmNHxWH0ng4Gp0QADhwlzUZkiJMqvMva2HzJijQnjELA==",
      "cpu": [
        "arm64"
      ],
      "dev": true,
      "license": "Apache-2.0 OR MIT",
      "optional": true,
      "os": [
        "linux"
      ],
      "engines": {
        "node": ">= 10"
      }
    },
    "node_modules/@tauri-apps/cli-linux-arm64-musl": {
      "version": "2.8.0",
      "resolved": "https://registry.npmjs.org/@tauri-apps/cli-linux-arm64-musl/-/cli-linux-arm64-musl-2.8.0.tgz",
      "integrity": "sha512-/bC/v5SzT2pmfWh8NhIaFx0ON4UcdI3LpDjuXeU4y+rXFXRAKKdKnKBshReHr6KC9UxzS8wGSsSe2eTfJnyXWw==",
      "cpu": [
        "arm64"
      ],
      "dev": true,
      "license": "Apache-2.0 OR MIT",
      "optional": true,
      "os": [
        "linux"
      ],
      "engines": {
        "node": ">= 10"
      }
    },
    "node_modules/@tauri-apps/cli-linux-riscv64-gnu": {
      "version": "2.8.0",
      "resolved": "https://registry.npmjs.org/@tauri-apps/cli-linux-riscv64-gnu/-/cli-linux-riscv64-gnu-2.8.0.tgz",
      "integrity": "sha512-hzzsrGp3SXXLuJZdjcq1mAmzr9MaBEQy1DYGEn/HEBiwE8EY1Ou27sBistGkl+X/vusmGwgmLuRKe9Mtbb7mNQ==",
      "cpu": [
        "riscv64"
      ],
      "dev": true,
      "license": "Apache-2.0 OR MIT",
      "optional": true,
      "os": [
        "linux"
      ],
      "engines": {
        "node": ">= 10"
      }
    },
    "node_modules/@tauri-apps/cli-linux-x64-gnu": {
      "version": "2.8.0",
      "resolved": "https://registry.npmjs.org/@tauri-apps/cli-linux-x64-gnu/-/cli-linux-x64-gnu-2.8.0.tgz",
      "integrity": "sha512-5z0uKFYGcy8pW8dDooRExmCtunz9BEVETlbNTaarTeXueGk1t3jH43k3uQ0/gIeYvL0X/8oWf848CzJdTSpoLQ==",
      "cpu": [
        "x64"
      ],
      "dev": true,
      "license": "Apache-2.0 OR MIT",
      "optional": true,
      "os": [
        "linux"
      ],
      "engines": {
        "node": ">= 10"
      }
    },
    "node_modules/@tauri-apps/cli-linux-x64-musl": {
      "version": "2.8.0",
      "resolved": "https://registry.npmjs.org/@tauri-apps/cli-linux-x64-musl/-/cli-linux-x64-musl-2.8.0.tgz",
      "integrity": "sha512-7uHwJUhE5e9NqSPrjAuN69X+I32uxN0V3UGwUB6eLhV7MhCyjroqVdfFqOkIT2rUE/OtSGQiUO7z0ZGfY3OIdQ==",
      "cpu": [
        "x64"
      ],
      "dev": true,
      "license": "Apache-2.0 OR MIT",
      "optional": true,
      "os": [
        "linux"
      ],
      "engines": {
        "node": ">= 10"
      }
    },
    "node_modules/@tauri-apps/cli-win32-arm64-msvc": {
      "version": "2.8.0",
      "resolved": "https://registry.npmjs.org/@tauri-apps/cli-win32-arm64-msvc/-/cli-win32-arm64-msvc-2.8.0.tgz",
      "integrity": "sha512-Emzj0BswRbKp3daDZWS7jbiSzJ0pUcaXFIQYC8sHc34vQe4RwbHZc99XKf+J6XRAznXs0piDvW9HQbXs3uVvXA==",
      "cpu": [
        "arm64"
      ],
      "dev": true,
      "license": "Apache-2.0 OR MIT",
      "optional": true,
      "os": [
        "win32"
      ],
      "engines": {
        "node": ">= 10"
      }
    },
    "node_modules/@tauri-apps/cli-win32-ia32-msvc": {
      "version": "2.8.0",
      "resolved": "https://registry.npmjs.org/@tauri-apps/cli-win32-ia32-msvc/-/cli-win32-ia32-msvc-2.8.0.tgz",
      "integrity": "sha512-xHWSyiZCzyc5+7djVaB1soOTe++c/siTZ0EC05Or7QYQRQsKRxDpeTCgheN7Z/Sv1cdlvkK1OZgp4+ddB4hTCA==",
      "cpu": [
        "ia32"
      ],
      "dev": true,
      "license": "Apache-2.0 OR MIT",
      "optional": true,
      "os": [
        "win32"
      ],
      "engines": {
        "node": ">= 10"
      }
    },
    "node_modules/@tauri-apps/cli-win32-x64-msvc": {
      "version": "2.8.0",
      "resolved": "https://registry.npmjs.org/@tauri-apps/cli-win32-x64-msvc/-/cli-win32-x64-msvc-2.8.0.tgz",
      "integrity": "sha512-EpkyVj2idqQthfxkjYcLRTaFM+TluywD4RbdVfjnLE060vPM6LYPouDizYZqXRfEsd5LCi1/VAcsqTK9BAC/zA==",
      "cpu": [
        "x64"
      ],
      "dev": true,
      "license": "Apache-2.0 OR MIT",
      "optional": true,
      "os": [
        "win32"
      ],
      "engines": {
        "node": ">= 10"
      }
    },
    "node_modules/@tauri-apps/plugin-dialog": {
      "version": "2.3.2",
      "resolved": "https://registry.npmjs.org/@tauri-apps/plugin-dialog/-/plugin-dialog-2.3.2.tgz",
      "integrity": "sha512-cNLo9YeQSC0MF4IgXnotHsqEgJk72MBZLXmQPrLA95qTaaWiiaFQ38hIMdZ6YbGUNkr3oni3EhU+AD5jLHcdUA==",
      "license": "MIT OR Apache-2.0",
      "dependencies": {
        "@tauri-apps/api": "^2.6.0"
      }
    },
    "node_modules/@tauri-apps/plugin-fs": {
      "version": "2.4.1",
      "resolved": "https://registry.npmjs.org/@tauri-apps/plugin-fs/-/plugin-fs-2.4.1.tgz",
      "integrity": "sha512-vJlKZVGF3UAFGoIEVT6Oq5L4HGDCD78WmA4uhzitToqYiBKWAvZR61M6zAyQzHqLs0ADemkE4RSy/5sCmZm6ZQ==",
      "license": "MIT OR Apache-2.0",
      "dependencies": {
        "@tauri-apps/api": "^2.6.0"
      }
    },
    "node_modules/@tauri-apps/plugin-shell": {
      "version": "2.3.0",
      "resolved": "https://registry.npmjs.org/@tauri-apps/plugin-shell/-/plugin-shell-2.3.0.tgz",
      "integrity": "sha512-6GIRxO2z64uxPX4CCTuhQzefvCC0ew7HjdBhMALiGw74vFBDY95VWueAHOHgNOMV4UOUAFupyidN9YulTe5xlA==",
      "license": "MIT OR Apache-2.0",
      "dependencies": {
        "@tauri-apps/api": "^2.6.0"
      }
    }
  }
}
